// !$*UTF8*$!
{
	archiveVersion = 1;
	classes = {
	};
	objectVersion = 48;
	objects = {

/* Begin PBXBuildFile section */
		FD470863205562D8000DC475 /* MainButtonsDataSource.swift in Sources */ = {isa = PBXBuildFile; fileRef = FD470862205562D8000DC475 /* MainButtonsDataSource.swift */; };
		FD47086520556562000DC475 /* MainButtonCell.swift in Sources */ = {isa = PBXBuildFile; fileRef = FD47086420556562000DC475 /* MainButtonCell.swift */; };
		FD4708672055CE8D000DC475 /* VehicleResource.swift in Sources */ = {isa = PBXBuildFile; fileRef = FD4708662055CE8D000DC475 /* VehicleResource.swift */; };
		FD4708692055D2CD000DC475 /* StarshipResource.swift in Sources */ = {isa = PBXBuildFile; fileRef = FD4708682055D2CD000DC475 /* StarshipResource.swift */; };
		FD47086B2055DAEB000DC475 /* BaseVehicle.swift in Sources */ = {isa = PBXBuildFile; fileRef = FD47086A2055DAEB000DC475 /* BaseVehicle.swift */; };
		FD49255F2041B8BE009480B1 /* AppDelegate.swift in Sources */ = {isa = PBXBuildFile; fileRef = FD49255E2041B8BE009480B1 /* AppDelegate.swift */; };
		FD4925612041B8BE009480B1 /* MainViewController.swift in Sources */ = {isa = PBXBuildFile; fileRef = FD4925602041B8BE009480B1 /* MainViewController.swift */; };
		FD4925642041B8BE009480B1 /* Main.storyboard in Resources */ = {isa = PBXBuildFile; fileRef = FD4925622041B8BE009480B1 /* Main.storyboard */; };
		FD4925662041B8BE009480B1 /* Assets.xcassets in Resources */ = {isa = PBXBuildFile; fileRef = FD4925652041B8BE009480B1 /* Assets.xcassets */; };
		FD4925692041B8BE009480B1 /* LaunchScreen.storyboard in Resources */ = {isa = PBXBuildFile; fileRef = FD4925672041B8BE009480B1 /* LaunchScreen.storyboard */; };
		FD4925722041BA95009480B1 /* SWCharacter.swift in Sources */ = {isa = PBXBuildFile; fileRef = FD4925712041BA95009480B1 /* SWCharacter.swift */; };
		FD4925742041BA9F009480B1 /* Vehicle.swift in Sources */ = {isa = PBXBuildFile; fileRef = FD4925732041BA9F009480B1 /* Vehicle.swift */; };
		FD4925762041BEC7009480B1 /* Starship.swift in Sources */ = {isa = PBXBuildFile; fileRef = FD4925752041BEC7009480B1 /* Starship.swift */; };
		FD4925792042D843009480B1 /* UIButton.swift in Sources */ = {isa = PBXBuildFile; fileRef = FD4925782042D843009480B1 /* UIButton.swift */; };
		FD49257D2042E1CE009480B1 /* CharacterViewModel.swift in Sources */ = {isa = PBXBuildFile; fileRef = FD49257C2042E1CE009480B1 /* CharacterViewModel.swift */; };
		FD4925842042E936009480B1 /* DataViewController.swift in Sources */ = {isa = PBXBuildFile; fileRef = FD4925832042E936009480B1 /* DataViewController.swift */; };
		FD4925862042EE76009480B1 /* DataValue.swift in Sources */ = {isa = PBXBuildFile; fileRef = FD4925852042EE76009480B1 /* DataValue.swift */; };
		FD49258A2042F2C3009480B1 /* DataCell.swift in Sources */ = {isa = PBXBuildFile; fileRef = FD4925892042F2C3009480B1 /* DataCell.swift */; };
		FD49258C2043446D009480B1 /* DetailsDataSource.swift in Sources */ = {isa = PBXBuildFile; fileRef = FD49258B2043446D009480B1 /* DetailsDataSource.swift */; };
		FD49258E20435BF2009480B1 /* UITableView.swift in Sources */ = {isa = PBXBuildFile; fileRef = FD49258D20435BF2009480B1 /* UITableView.swift */; };
		FD49259020436AF4009480B1 /* PickerDataSource.swift in Sources */ = {isa = PBXBuildFile; fileRef = FD49258F20436AF4009480B1 /* PickerDataSource.swift */; };
		FD4925922045FAD6009480B1 /* MetricDataCell.swift in Sources */ = {isa = PBXBuildFile; fileRef = FD4925912045FAD6009480B1 /* MetricDataCell.swift */; };
		FD4925952049E9F3009480B1 /* UnitUIButton.swift in Sources */ = {isa = PBXBuildFile; fileRef = FD4925942049E9F3009480B1 /* UnitUIButton.swift */; };
		FD492597204A7B2F009480B1 /* Namable.swift in Sources */ = {isa = PBXBuildFile; fileRef = FD492596204A7B2F009480B1 /* Namable.swift */; };
		FD492599204A88AC009480B1 /* ViewModel.swift in Sources */ = {isa = PBXBuildFile; fileRef = FD492598204A88AC009480B1 /* ViewModel.swift */; };
		FD49259F204ACCA1009480B1 /* ViewModelFactory.swift in Sources */ = {isa = PBXBuildFile; fileRef = FD49259E204ACCA1009480B1 /* ViewModelFactory.swift */; };
		FD4925A1204ADF86009480B1 /* DataCollection.swift in Sources */ = {isa = PBXBuildFile; fileRef = FD4925A0204ADF86009480B1 /* DataCollection.swift */; };
		FD4925A5204AE23B009480B1 /* Sizable.swift in Sources */ = {isa = PBXBuildFile; fileRef = FD4925A4204AE23B009480B1 /* Sizable.swift */; };
		FD4925A7204B0843009480B1 /* VehicleViewModel.swift in Sources */ = {isa = PBXBuildFile; fileRef = FD4925A6204B0843009480B1 /* VehicleViewModel.swift */; };
		FD4925A9204B13A0009480B1 /* StarshipViewModel.swift in Sources */ = {isa = PBXBuildFile; fileRef = FD4925A8204B13A0009480B1 /* StarshipViewModel.swift */; };
		FD4925AB204B2DB7009480B1 /* CashUIButton.swift in Sources */ = {isa = PBXBuildFile; fileRef = FD4925AA204B2DB7009480B1 /* CashUIButton.swift */; };
		FD4925AD204B2DE1009480B1 /* CashDataCell.swift in Sources */ = {isa = PBXBuildFile; fileRef = FD4925AC204B2DE1009480B1 /* CashDataCell.swift */; };
		FD4925B0204B3465009480B1 /* StringValue.swift in Sources */ = {isa = PBXBuildFile; fileRef = FD4925AF204B3465009480B1 /* StringValue.swift */; };
		FD4925B2204B3479009480B1 /* MetricValue.swift in Sources */ = {isa = PBXBuildFile; fileRef = FD4925B1204B3479009480B1 /* MetricValue.swift */; };
		FD4925B4204B3492009480B1 /* CashValue.swift in Sources */ = {isa = PBXBuildFile; fileRef = FD4925B3204B3492009480B1 /* CashValue.swift */; };
		FD4925B6204B3D1C009480B1 /* ExchangeRateViewController.swift in Sources */ = {isa = PBXBuildFile; fileRef = FD4925B5204B3D1C009480B1 /* ExchangeRateViewController.swift */; };
		FD4925B8204B3DD9009480B1 /* RateModalDelegate.swift in Sources */ = {isa = PBXBuildFile; fileRef = FD4925B7204B3DD9009480B1 /* RateModalDelegate.swift */; };
		FD56D2D9204B9D06002D71CB /* NavigationCell.swift in Sources */ = {isa = PBXBuildFile; fileRef = FD56D2D8204B9D06002D71CB /* NavigationCell.swift */; };
		FD56D2E0205073E6002D71CB /* SWAPIError.swift in Sources */ = {isa = PBXBuildFile; fileRef = FD56D2DF205073E6002D71CB /* SWAPIError.swift */; };
		FD56D2E220507433002D71CB /* PendingOperation.swift in Sources */ = {isa = PBXBuildFile; fileRef = FD56D2E120507433002D71CB /* PendingOperation.swift */; };
		FD56D2E420507452002D71CB /* JSONDownloader.swift in Sources */ = {isa = PBXBuildFile; fileRef = FD56D2E320507452002D71CB /* JSONDownloader.swift */; };
		FD56D2E620507971002D71CB /* Resource.swift in Sources */ = {isa = PBXBuildFile; fileRef = FD56D2E520507971002D71CB /* Resource.swift */; };
		FD56D2E820510D7B002D71CB /* Endpoint.swift in Sources */ = {isa = PBXBuildFile; fileRef = FD56D2E720510D7B002D71CB /* Endpoint.swift */; };
		FD56D2EA205114AF002D71CB /* SWCharacterResource.swift in Sources */ = {isa = PBXBuildFile; fileRef = FD56D2E9205114AF002D71CB /* SWCharacterResource.swift */; };
		FD56D2EC20511F0B002D71CB /* DownloadEntity.swift in Sources */ = {isa = PBXBuildFile; fileRef = FD56D2EB20511F0B002D71CB /* DownloadEntity.swift */; };
		FD56D2EF205513DC002D71CB /* MainButtonView.xib in Resources */ = {isa = PBXBuildFile; fileRef = FD56D2EE205513DC002D71CB /* MainButtonView.xib */; };
		FD56D2F120551419002D71CB /* MainButtonView.swift in Sources */ = {isa = PBXBuildFile; fileRef = FD56D2F020551419002D71CB /* MainButtonView.swift */; };
		FDFAA597204B954B00B4F77F /* TitleCell.swift in Sources */ = {isa = PBXBuildFile; fileRef = FDFAA596204B954B00B4F77F /* TitleCell.swift */; };
/* End PBXBuildFile section */

/* Begin PBXFileReference section */
		FD470862205562D8000DC475 /* MainButtonsDataSource.swift */ = {isa = PBXFileReference; lastKnownFileType = sourcecode.swift; path = MainButtonsDataSource.swift; sourceTree = "<group>"; };
		FD47086420556562000DC475 /* MainButtonCell.swift */ = {isa = PBXFileReference; lastKnownFileType = sourcecode.swift; path = MainButtonCell.swift; sourceTree = "<group>"; };
		FD4708662055CE8D000DC475 /* VehicleResource.swift */ = {isa = PBXFileReference; lastKnownFileType = sourcecode.swift; path = VehicleResource.swift; sourceTree = "<group>"; };
		FD4708682055D2CD000DC475 /* StarshipResource.swift */ = {isa = PBXFileReference; lastKnownFileType = sourcecode.swift; path = StarshipResource.swift; sourceTree = "<group>"; };
		FD47086A2055DAEB000DC475 /* BaseVehicle.swift */ = {isa = PBXFileReference; lastKnownFileType = sourcecode.swift; path = BaseVehicle.swift; sourceTree = "<group>"; };
		FD49255B2041B8BE009480B1 /* APIAwakens.app */ = {isa = PBXFileReference; explicitFileType = wrapper.application; includeInIndex = 0; path = APIAwakens.app; sourceTree = BUILT_PRODUCTS_DIR; };
		FD49255E2041B8BE009480B1 /* AppDelegate.swift */ = {isa = PBXFileReference; lastKnownFileType = sourcecode.swift; path = AppDelegate.swift; sourceTree = "<group>"; };
		FD4925602041B8BE009480B1 /* MainViewController.swift */ = {isa = PBXFileReference; lastKnownFileType = sourcecode.swift; path = MainViewController.swift; sourceTree = "<group>"; };
		FD4925632041B8BE009480B1 /* Base */ = {isa = PBXFileReference; lastKnownFileType = file.storyboard; name = Base; path = Base.lproj/Main.storyboard; sourceTree = "<group>"; };
		FD4925652041B8BE009480B1 /* Assets.xcassets */ = {isa = PBXFileReference; lastKnownFileType = folder.assetcatalog; path = Assets.xcassets; sourceTree = "<group>"; };
		FD4925682041B8BE009480B1 /* Base */ = {isa = PBXFileReference; lastKnownFileType = file.storyboard; name = Base; path = Base.lproj/LaunchScreen.storyboard; sourceTree = "<group>"; };
		FD49256A2041B8BE009480B1 /* Info.plist */ = {isa = PBXFileReference; lastKnownFileType = text.plist.xml; path = Info.plist; sourceTree = "<group>"; };
		FD4925712041BA95009480B1 /* SWCharacter.swift */ = {isa = PBXFileReference; lastKnownFileType = sourcecode.swift; path = SWCharacter.swift; sourceTree = "<group>"; };
		FD4925732041BA9F009480B1 /* Vehicle.swift */ = {isa = PBXFileReference; lastKnownFileType = sourcecode.swift; path = Vehicle.swift; sourceTree = "<group>"; };
		FD4925752041BEC7009480B1 /* Starship.swift */ = {isa = PBXFileReference; lastKnownFileType = sourcecode.swift; path = Starship.swift; sourceTree = "<group>"; };
		FD4925782042D843009480B1 /* UIButton.swift */ = {isa = PBXFileReference; lastKnownFileType = sourcecode.swift; path = UIButton.swift; sourceTree = "<group>"; };
		FD49257C2042E1CE009480B1 /* CharacterViewModel.swift */ = {isa = PBXFileReference; lastKnownFileType = sourcecode.swift; path = CharacterViewModel.swift; sourceTree = "<group>"; };
		FD4925832042E936009480B1 /* DataViewController.swift */ = {isa = PBXFileReference; lastKnownFileType = sourcecode.swift; path = DataViewController.swift; sourceTree = "<group>"; };
		FD4925852042EE76009480B1 /* DataValue.swift */ = {isa = PBXFileReference; lastKnownFileType = sourcecode.swift; path = DataValue.swift; sourceTree = "<group>"; };
		FD4925892042F2C3009480B1 /* DataCell.swift */ = {isa = PBXFileReference; lastKnownFileType = sourcecode.swift; path = DataCell.swift; sourceTree = "<group>"; };
		FD49258B2043446D009480B1 /* DetailsDataSource.swift */ = {isa = PBXFileReference; lastKnownFileType = sourcecode.swift; path = DetailsDataSource.swift; sourceTree = "<group>"; };
		FD49258D20435BF2009480B1 /* UITableView.swift */ = {isa = PBXFileReference; lastKnownFileType = sourcecode.swift; path = UITableView.swift; sourceTree = "<group>"; };
		FD49258F20436AF4009480B1 /* PickerDataSource.swift */ = {isa = PBXFileReference; lastKnownFileType = sourcecode.swift; path = PickerDataSource.swift; sourceTree = "<group>"; };
		FD4925912045FAD6009480B1 /* MetricDataCell.swift */ = {isa = PBXFileReference; lastKnownFileType = sourcecode.swift; path = MetricDataCell.swift; sourceTree = "<group>"; };
		FD4925942049E9F3009480B1 /* UnitUIButton.swift */ = {isa = PBXFileReference; lastKnownFileType = sourcecode.swift; path = UnitUIButton.swift; sourceTree = "<group>"; };
		FD492596204A7B2F009480B1 /* Namable.swift */ = {isa = PBXFileReference; lastKnownFileType = sourcecode.swift; path = Namable.swift; sourceTree = "<group>"; };
		FD492598204A88AC009480B1 /* ViewModel.swift */ = {isa = PBXFileReference; lastKnownFileType = sourcecode.swift; path = ViewModel.swift; sourceTree = "<group>"; };
		FD49259E204ACCA1009480B1 /* ViewModelFactory.swift */ = {isa = PBXFileReference; lastKnownFileType = sourcecode.swift; path = ViewModelFactory.swift; sourceTree = "<group>"; };
		FD4925A0204ADF86009480B1 /* DataCollection.swift */ = {isa = PBXFileReference; lastKnownFileType = sourcecode.swift; path = DataCollection.swift; sourceTree = "<group>"; };
		FD4925A4204AE23B009480B1 /* Sizable.swift */ = {isa = PBXFileReference; lastKnownFileType = sourcecode.swift; path = Sizable.swift; sourceTree = "<group>"; };
		FD4925A6204B0843009480B1 /* VehicleViewModel.swift */ = {isa = PBXFileReference; lastKnownFileType = sourcecode.swift; path = VehicleViewModel.swift; sourceTree = "<group>"; };
		FD4925A8204B13A0009480B1 /* StarshipViewModel.swift */ = {isa = PBXFileReference; lastKnownFileType = sourcecode.swift; path = StarshipViewModel.swift; sourceTree = "<group>"; };
		FD4925AA204B2DB7009480B1 /* CashUIButton.swift */ = {isa = PBXFileReference; lastKnownFileType = sourcecode.swift; path = CashUIButton.swift; sourceTree = "<group>"; };
		FD4925AC204B2DE1009480B1 /* CashDataCell.swift */ = {isa = PBXFileReference; lastKnownFileType = sourcecode.swift; path = CashDataCell.swift; sourceTree = "<group>"; };
		FD4925AF204B3465009480B1 /* StringValue.swift */ = {isa = PBXFileReference; lastKnownFileType = sourcecode.swift; path = StringValue.swift; sourceTree = "<group>"; };
		FD4925B1204B3479009480B1 /* MetricValue.swift */ = {isa = PBXFileReference; lastKnownFileType = sourcecode.swift; path = MetricValue.swift; sourceTree = "<group>"; };
		FD4925B3204B3492009480B1 /* CashValue.swift */ = {isa = PBXFileReference; lastKnownFileType = sourcecode.swift; path = CashValue.swift; sourceTree = "<group>"; };
		FD4925B5204B3D1C009480B1 /* ExchangeRateViewController.swift */ = {isa = PBXFileReference; lastKnownFileType = sourcecode.swift; path = ExchangeRateViewController.swift; sourceTree = "<group>"; };
		FD4925B7204B3DD9009480B1 /* RateModalDelegate.swift */ = {isa = PBXFileReference; lastKnownFileType = sourcecode.swift; path = RateModalDelegate.swift; sourceTree = "<group>"; };
		FD56D2D8204B9D06002D71CB /* NavigationCell.swift */ = {isa = PBXFileReference; lastKnownFileType = sourcecode.swift; path = NavigationCell.swift; sourceTree = "<group>"; };
		FD56D2DF205073E6002D71CB /* SWAPIError.swift */ = {isa = PBXFileReference; lastKnownFileType = sourcecode.swift; path = SWAPIError.swift; sourceTree = "<group>"; };
		FD56D2E120507433002D71CB /* PendingOperation.swift */ = {isa = PBXFileReference; lastKnownFileType = sourcecode.swift; path = PendingOperation.swift; sourceTree = "<group>"; };
		FD56D2E320507452002D71CB /* JSONDownloader.swift */ = {isa = PBXFileReference; lastKnownFileType = sourcecode.swift; path = JSONDownloader.swift; sourceTree = "<group>"; };
		FD56D2E520507971002D71CB /* Resource.swift */ = {isa = PBXFileReference; lastKnownFileType = sourcecode.swift; path = Resource.swift; sourceTree = "<group>"; };
		FD56D2E720510D7B002D71CB /* Endpoint.swift */ = {isa = PBXFileReference; lastKnownFileType = sourcecode.swift; path = Endpoint.swift; sourceTree = "<group>"; };
		FD56D2E9205114AF002D71CB /* SWCharacterResource.swift */ = {isa = PBXFileReference; lastKnownFileType = sourcecode.swift; path = SWCharacterResource.swift; sourceTree = "<group>"; };
		FD56D2EB20511F0B002D71CB /* DownloadEntity.swift */ = {isa = PBXFileReference; lastKnownFileType = sourcecode.swift; path = DownloadEntity.swift; sourceTree = "<group>"; };
		FD56D2EE205513DC002D71CB /* MainButtonView.xib */ = {isa = PBXFileReference; lastKnownFileType = file.xib; path = MainButtonView.xib; sourceTree = "<group>"; };
		FD56D2F020551419002D71CB /* MainButtonView.swift */ = {isa = PBXFileReference; lastKnownFileType = sourcecode.swift; path = MainButtonView.swift; sourceTree = "<group>"; };
		FDFAA596204B954B00B4F77F /* TitleCell.swift */ = {isa = PBXFileReference; lastKnownFileType = sourcecode.swift; path = TitleCell.swift; sourceTree = "<group>"; };
/* End PBXFileReference section */

/* Begin PBXFrameworksBuildPhase section */
		FD4925582041B8BE009480B1 /* Frameworks */ = {
			isa = PBXFrameworksBuildPhase;
			buildActionMask = 2147483647;
			files = (
			);
			runOnlyForDeploymentPostprocessing = 0;
		};
/* End PBXFrameworksBuildPhase section */

/* Begin PBXGroup section */
		FD4925522041B8BE009480B1 = {
			isa = PBXGroup;
			children = (
				FD49255D2041B8BE009480B1 /* APIAwakens */,
				FD49255C2041B8BE009480B1 /* Products */,
			);
			sourceTree = "<group>";
		};
		FD49255C2041B8BE009480B1 /* Products */ = {
			isa = PBXGroup;
			children = (
				FD49255B2041B8BE009480B1 /* APIAwakens.app */,
			);
			name = Products;
			sourceTree = "<group>";
		};
		FD49255D2041B8BE009480B1 /* APIAwakens */ = {
			isa = PBXGroup;
			children = (
				FD49257A2042E180009480B1 /* Data Sources */,
				FD4925702041BA88009480B1 /* Models */,
				FD56D2DE2050731B002D71CB /* Networking */,
				FD49257B2042E1A9009480B1 /* View Models */,
				FD4925932049E9C7009480B1 /* UI */,
				FD49255E2041B8BE009480B1 /* AppDelegate.swift */,
				FD4925622041B8BE009480B1 /* Main.storyboard */,
				FD4925652041B8BE009480B1 /* Assets.xcassets */,
				FD4925672041B8BE009480B1 /* LaunchScreen.storyboard */,
				FD49256A2041B8BE009480B1 /* Info.plist */,
			);
			path = APIAwakens;
			sourceTree = "<group>";
		};
		FD4925702041BA88009480B1 /* Models */ = {
			isa = PBXGroup;
			children = (
				FD4925712041BA95009480B1 /* SWCharacter.swift */,
				FD4925732041BA9F009480B1 /* Vehicle.swift */,
				FD4925752041BEC7009480B1 /* Starship.swift */,
				FD492596204A7B2F009480B1 /* Namable.swift */,
				FD4925A0204ADF86009480B1 /* DataCollection.swift */,
				FD4925A4204AE23B009480B1 /* Sizable.swift */,
				FD47086A2055DAEB000DC475 /* BaseVehicle.swift */,
			);
			path = Models;
			sourceTree = "<group>";
		};
		FD4925772042D836009480B1 /* Extensions */ = {
			isa = PBXGroup;
			children = (
				FD4925782042D843009480B1 /* UIButton.swift */,
				FD49258D20435BF2009480B1 /* UITableView.swift */,
			);
			path = Extensions;
			sourceTree = "<group>";
		};
		FD49257A2042E180009480B1 /* Data Sources */ = {
			isa = PBXGroup;
			children = (
				FD49258B2043446D009480B1 /* DetailsDataSource.swift */,
				FD49258F20436AF4009480B1 /* PickerDataSource.swift */,
				FD470862205562D8000DC475 /* MainButtonsDataSource.swift */,
			);
			path = "Data Sources";
			sourceTree = "<group>";
		};
		FD49257B2042E1A9009480B1 /* View Models */ = {
			isa = PBXGroup;
			children = (
				FD4925AE204B344E009480B1 /* Values */,
				FD49257C2042E1CE009480B1 /* CharacterViewModel.swift */,
				FD492598204A88AC009480B1 /* ViewModel.swift */,
				FD49259E204ACCA1009480B1 /* ViewModelFactory.swift */,
				FD4925A6204B0843009480B1 /* VehicleViewModel.swift */,
				FD4925A8204B13A0009480B1 /* StarshipViewModel.swift */,
			);
			path = "View Models";
			sourceTree = "<group>";
		};
		FD4925822042E8EA009480B1 /* View Controlers */ = {
			isa = PBXGroup;
			children = (
				FD4925602041B8BE009480B1 /* MainViewController.swift */,
				FD4925832042E936009480B1 /* DataViewController.swift */,
				FD4925B5204B3D1C009480B1 /* ExchangeRateViewController.swift */,
				FD4925B7204B3DD9009480B1 /* RateModalDelegate.swift */,
			);
			path = "View Controlers";
			sourceTree = "<group>";
		};
		FD4925872042F27F009480B1 /* Cells */ = {
			isa = PBXGroup;
			children = (
				FD4925892042F2C3009480B1 /* DataCell.swift */,
				FD4925912045FAD6009480B1 /* MetricDataCell.swift */,
				FD4925AC204B2DE1009480B1 /* CashDataCell.swift */,
				FDFAA596204B954B00B4F77F /* TitleCell.swift */,
				FD56D2D8204B9D06002D71CB /* NavigationCell.swift */,
				FD47086420556562000DC475 /* MainButtonCell.swift */,
			);
			path = Cells;
			sourceTree = "<group>";
		};
		FD4925932049E9C7009480B1 /* UI */ = {
			isa = PBXGroup;
			children = (
				FD4925872042F27F009480B1 /* Cells */,
				FD56D2ED2055136C002D71CB /* Components */,
				FD4925772042D836009480B1 /* Extensions */,
				FD4925822042E8EA009480B1 /* View Controlers */,
			);
			path = UI;
			sourceTree = "<group>";
		};
		FD4925AE204B344E009480B1 /* Values */ = {
			isa = PBXGroup;
			children = (
				FD4925852042EE76009480B1 /* DataValue.swift */,
				FD4925AF204B3465009480B1 /* StringValue.swift */,
				FD4925B1204B3479009480B1 /* MetricValue.swift */,
				FD4925B3204B3492009480B1 /* CashValue.swift */,
			);
			path = Values;
			sourceTree = "<group>";
		};
		FD56D2DE2050731B002D71CB /* Networking */ = {
			isa = PBXGroup;
			children = (
				FD56D2EB20511F0B002D71CB /* DownloadEntity.swift */,
				FD56D2DF205073E6002D71CB /* SWAPIError.swift */,
				FD56D2E120507433002D71CB /* PendingOperation.swift */,
				FD56D2E320507452002D71CB /* JSONDownloader.swift */,
				FD56D2E520507971002D71CB /* Resource.swift */,
				FD56D2E720510D7B002D71CB /* Endpoint.swift */,
				FD56D2E9205114AF002D71CB /* SWCharacterResource.swift */,
				FD4708662055CE8D000DC475 /* VehicleResource.swift */,
				FD4708682055D2CD000DC475 /* StarshipResource.swift */,
			);
			path = Networking;
			sourceTree = "<group>";
		};
		FD56D2ED2055136C002D71CB /* Components */ = {
			isa = PBXGroup;
			children = (
				FD4925942049E9F3009480B1 /* UnitUIButton.swift */,
				FD4925AA204B2DB7009480B1 /* CashUIButton.swift */,
				FD56D2EE205513DC002D71CB /* MainButtonView.xib */,
				FD56D2F020551419002D71CB /* MainButtonView.swift */,
			);
			path = Components;
			sourceTree = "<group>";
		};
/* End PBXGroup section */

/* Begin PBXNativeTarget section */
		FD49255A2041B8BE009480B1 /* APIAwakens */ = {
			isa = PBXNativeTarget;
			buildConfigurationList = FD49256D2041B8BE009480B1 /* Build configuration list for PBXNativeTarget "APIAwakens" */;
			buildPhases = (
				FD4925572041B8BE009480B1 /* Sources */,
				FD4925582041B8BE009480B1 /* Frameworks */,
				FD4925592041B8BE009480B1 /* Resources */,
			);
			buildRules = (
			);
			dependencies = (
			);
			name = APIAwakens;
			productName = APIAwakens;
			productReference = FD49255B2041B8BE009480B1 /* APIAwakens.app */;
			productType = "com.apple.product-type.application";
		};
/* End PBXNativeTarget section */

/* Begin PBXProject section */
		FD4925532041B8BE009480B1 /* Project object */ = {
			isa = PBXProject;
			attributes = {
				LastSwiftUpdateCheck = 0920;
				LastUpgradeCheck = 0920;
				ORGANIZATIONNAME = prevole.ch;
				TargetAttributes = {
					FD49255A2041B8BE009480B1 = {
						CreatedOnToolsVersion = 9.2;
						ProvisioningStyle = Automatic;
					};
				};
			};
			buildConfigurationList = FD4925562041B8BE009480B1 /* Build configuration list for PBXProject "APIAwakens" */;
			compatibilityVersion = "Xcode 8.0";
			developmentRegion = en;
			hasScannedForEncodings = 0;
			knownRegions = (
				en,
				Base,
			);
			mainGroup = FD4925522041B8BE009480B1;
			productRefGroup = FD49255C2041B8BE009480B1 /* Products */;
			projectDirPath = "";
			projectRoot = "";
			targets = (
				FD49255A2041B8BE009480B1 /* APIAwakens */,
			);
		};
/* End PBXProject section */

/* Begin PBXResourcesBuildPhase section */
		FD4925592041B8BE009480B1 /* Resources */ = {
			isa = PBXResourcesBuildPhase;
			buildActionMask = 2147483647;
			files = (
				FD4925692041B8BE009480B1 /* LaunchScreen.storyboard in Resources */,
				FD4925662041B8BE009480B1 /* Assets.xcassets in Resources */,
				FD4925642041B8BE009480B1 /* Main.storyboard in Resources */,
				FD56D2EF205513DC002D71CB /* MainButtonView.xib in Resources */,
			);
			runOnlyForDeploymentPostprocessing = 0;
		};
/* End PBXResourcesBuildPhase section */

/* Begin PBXSourcesBuildPhase section */
		FD4925572041B8BE009480B1 /* Sources */ = {
			isa = PBXSourcesBuildPhase;
			buildActionMask = 2147483647;
			files = (
				FD4925922045FAD6009480B1 /* MetricDataCell.swift in Sources */,
				FD49259020436AF4009480B1 /* PickerDataSource.swift in Sources */,
				FD4925842042E936009480B1 /* DataViewController.swift in Sources */,
				FD56D2F120551419002D71CB /* MainButtonView.swift in Sources */,
				FD56D2EA205114AF002D71CB /* SWCharacterResource.swift in Sources */,
				FD4925722041BA95009480B1 /* SWCharacter.swift in Sources */,
				FD4925A9204B13A0009480B1 /* StarshipViewModel.swift in Sources */,
				FD49258A2042F2C3009480B1 /* DataCell.swift in Sources */,
				FD56D2D9204B9D06002D71CB /* NavigationCell.swift in Sources */,
				FD49257D2042E1CE009480B1 /* CharacterViewModel.swift in Sources */,
				FD492599204A88AC009480B1 /* ViewModel.swift in Sources */,
				FD4925862042EE76009480B1 /* DataValue.swift in Sources */,
				FD56D2E820510D7B002D71CB /* Endpoint.swift in Sources */,
				FD49258C2043446D009480B1 /* DetailsDataSource.swift in Sources */,
				FD492597204A7B2F009480B1 /* Namable.swift in Sources */,
				FD4925762041BEC7009480B1 /* Starship.swift in Sources */,
				FD56D2E620507971002D71CB /* Resource.swift in Sources */,
				FDFAA597204B954B00B4F77F /* TitleCell.swift in Sources */,
				FD4925952049E9F3009480B1 /* UnitUIButton.swift in Sources */,
				FD4925612041B8BE009480B1 /* MainViewController.swift in Sources */,
				FD4925B6204B3D1C009480B1 /* ExchangeRateViewController.swift in Sources */,
				FD470863205562D8000DC475 /* MainButtonsDataSource.swift in Sources */,
				FD4925AD204B2DE1009480B1 /* CashDataCell.swift in Sources */,
				FD4925742041BA9F009480B1 /* Vehicle.swift in Sources */,
				FD4925B8204B3DD9009480B1 /* RateModalDelegate.swift in Sources */,
				FD4925A5204AE23B009480B1 /* Sizable.swift in Sources */,
				FD49258E20435BF2009480B1 /* UITableView.swift in Sources */,
				FD47086B2055DAEB000DC475 /* BaseVehicle.swift in Sources */,
				FD56D2E420507452002D71CB /* JSONDownloader.swift in Sources */,
				FD4925A7204B0843009480B1 /* VehicleViewModel.swift in Sources */,
				FD4925B4204B3492009480B1 /* CashValue.swift in Sources */,
				FD4708672055CE8D000DC475 /* VehicleResource.swift in Sources */,
				FD56D2EC20511F0B002D71CB /* DownloadEntity.swift in Sources */,
				FD56D2E220507433002D71CB /* PendingOperation.swift in Sources */,
				FD4925B0204B3465009480B1 /* StringValue.swift in Sources */,
				FD56D2E0205073E6002D71CB /* SWAPIError.swift in Sources */,
				FD4925A1204ADF86009480B1 /* DataCollection.swift in Sources */,
				FD4925AB204B2DB7009480B1 /* CashUIButton.swift in Sources */,
				FD4708692055D2CD000DC475 /* StarshipResource.swift in Sources */,
				FD4925B2204B3479009480B1 /* MetricValue.swift in Sources */,
				FD49259F204ACCA1009480B1 /* ViewModelFactory.swift in Sources */,
				FD47086520556562000DC475 /* MainButtonCell.swift in Sources */,
				FD49255F2041B8BE009480B1 /* AppDelegate.swift in Sources */,
				FD4925792042D843009480B1 /* UIButton.swift in Sources */,
			);
			runOnlyForDeploymentPostprocessing = 0;
		};
/* End PBXSourcesBuildPhase section */

/* Begin PBXVariantGroup section */
		FD4925622041B8BE009480B1 /* Main.storyboard */ = {
			isa = PBXVariantGroup;
			children = (
				FD4925632041B8BE009480B1 /* Base */,
			);
			name = Main.storyboard;
			sourceTree = "<group>";
		};
		FD4925672041B8BE009480B1 /* LaunchScreen.storyboard */ = {
			isa = PBXVariantGroup;
			children = (
				FD4925682041B8BE009480B1 /* Base */,
			);
			name = LaunchScreen.storyboard;
			sourceTree = "<group>";
		};
/* End PBXVariantGroup section */

/* Begin XCBuildConfiguration section */
		FD49256B2041B8BE009480B1 /* Debug */ = {
			isa = XCBuildConfiguration;
			buildSettings = {
				ALWAYS_SEARCH_USER_PATHS = NO;
				CLANG_ANALYZER_NONNULL = YES;
				CLANG_ANALYZER_NUMBER_OBJECT_CONVERSION = YES_AGGRESSIVE;
				CLANG_CXX_LANGUAGE_STANDARD = "gnu++14";
				CLANG_CXX_LIBRARY = "libc++";
				CLANG_ENABLE_MODULES = YES;
				CLANG_ENABLE_OBJC_ARC = YES;
				CLANG_WARN_BLOCK_CAPTURE_AUTORELEASING = YES;
				CLANG_WARN_BOOL_CONVERSION = YES;
				CLANG_WARN_COMMA = YES;
				CLANG_WARN_CONSTANT_CONVERSION = YES;
				CLANG_WARN_DIRECT_OBJC_ISA_USAGE = YES_ERROR;
				CLANG_WARN_DOCUMENTATION_COMMENTS = YES;
				CLANG_WARN_EMPTY_BODY = YES;
				CLANG_WARN_ENUM_CONVERSION = YES;
				CLANG_WARN_INFINITE_RECURSION = YES;
				CLANG_WARN_INT_CONVERSION = YES;
				CLANG_WARN_NON_LITERAL_NULL_CONVERSION = YES;
				CLANG_WARN_OBJC_LITERAL_CONVERSION = YES;
				CLANG_WARN_OBJC_ROOT_CLASS = YES_ERROR;
				CLANG_WARN_RANGE_LOOP_ANALYSIS = YES;
				CLANG_WARN_STRICT_PROTOTYPES = YES;
				CLANG_WARN_SUSPICIOUS_MOVE = YES;
				CLANG_WARN_UNGUARDED_AVAILABILITY = YES_AGGRESSIVE;
				CLANG_WARN_UNREACHABLE_CODE = YES;
				CLANG_WARN__DUPLICATE_METHOD_MATCH = YES;
				CODE_SIGN_IDENTITY = "iPhone Developer";
				COPY_PHASE_STRIP = NO;
				DEBUG_INFORMATION_FORMAT = dwarf;
				ENABLE_STRICT_OBJC_MSGSEND = YES;
				ENABLE_TESTABILITY = YES;
				GCC_C_LANGUAGE_STANDARD = gnu11;
				GCC_DYNAMIC_NO_PIC = NO;
				GCC_NO_COMMON_BLOCKS = YES;
				GCC_OPTIMIZATION_LEVEL = 0;
				GCC_PREPROCESSOR_DEFINITIONS = (
					"DEBUG=1",
					"$(inherited)",
				);
				GCC_WARN_64_TO_32_BIT_CONVERSION = YES;
				GCC_WARN_ABOUT_RETURN_TYPE = YES_ERROR;
				GCC_WARN_UNDECLARED_SELECTOR = YES;
				GCC_WARN_UNINITIALIZED_AUTOS = YES_AGGRESSIVE;
				GCC_WARN_UNUSED_FUNCTION = YES;
				GCC_WARN_UNUSED_VARIABLE = YES;
				IPHONEOS_DEPLOYMENT_TARGET = 11.2;
				MTL_ENABLE_DEBUG_INFO = YES;
				ONLY_ACTIVE_ARCH = YES;
				SDKROOT = iphoneos;
				SWIFT_ACTIVE_COMPILATION_CONDITIONS = DEBUG;
				SWIFT_OPTIMIZATION_LEVEL = "-Onone";
			};
			name = Debug;
		};
		FD49256C2041B8BE009480B1 /* Release */ = {
			isa = XCBuildConfiguration;
			buildSettings = {
				ALWAYS_SEARCH_USER_PATHS = NO;
				CLANG_ANALYZER_NONNULL = YES;
				CLANG_ANALYZER_NUMBER_OBJECT_CONVERSION = YES_AGGRESSIVE;
				CLANG_CXX_LANGUAGE_STANDARD = "gnu++14";
				CLANG_CXX_LIBRARY = "libc++";
				CLANG_ENABLE_MODULES = YES;
				CLANG_ENABLE_OBJC_ARC = YES;
				CLANG_WARN_BLOCK_CAPTURE_AUTORELEASING = YES;
				CLANG_WARN_BOOL_CONVERSION = YES;
				CLANG_WARN_COMMA = YES;
				CLANG_WARN_CONSTANT_CONVERSION = YES;
				CLANG_WARN_DIRECT_OBJC_ISA_USAGE = YES_ERROR;
				CLANG_WARN_DOCUMENTATION_COMMENTS = YES;
				CLANG_WARN_EMPTY_BODY = YES;
				CLANG_WARN_ENUM_CONVERSION = YES;
				CLANG_WARN_INFINITE_RECURSION = YES;
				CLANG_WARN_INT_CONVERSION = YES;
				CLANG_WARN_NON_LITERAL_NULL_CONVERSION = YES;
				CLANG_WARN_OBJC_LITERAL_CONVERSION = YES;
				CLANG_WARN_OBJC_ROOT_CLASS = YES_ERROR;
				CLANG_WARN_RANGE_LOOP_ANALYSIS = YES;
				CLANG_WARN_STRICT_PROTOTYPES = YES;
				CLANG_WARN_SUSPICIOUS_MOVE = YES;
				CLANG_WARN_UNGUARDED_AVAILABILITY = YES_AGGRESSIVE;
				CLANG_WARN_UNREACHABLE_CODE = YES;
				CLANG_WARN__DUPLICATE_METHOD_MATCH = YES;
				CODE_SIGN_IDENTITY = "iPhone Developer";
				COPY_PHASE_STRIP = NO;
				DEBUG_INFORMATION_FORMAT = "dwarf-with-dsym";
				ENABLE_NS_ASSERTIONS = NO;
				ENABLE_STRICT_OBJC_MSGSEND = YES;
				GCC_C_LANGUAGE_STANDARD = gnu11;
				GCC_NO_COMMON_BLOCKS = YES;
				GCC_WARN_64_TO_32_BIT_CONVERSION = YES;
				GCC_WARN_ABOUT_RETURN_TYPE = YES_ERROR;
				GCC_WARN_UNDECLARED_SELECTOR = YES;
				GCC_WARN_UNINITIALIZED_AUTOS = YES_AGGRESSIVE;
				GCC_WARN_UNUSED_FUNCTION = YES;
				GCC_WARN_UNUSED_VARIABLE = YES;
				IPHONEOS_DEPLOYMENT_TARGET = 11.2;
				MTL_ENABLE_DEBUG_INFO = NO;
				SDKROOT = iphoneos;
				SWIFT_OPTIMIZATION_LEVEL = "-Owholemodule";
				VALIDATE_PRODUCT = YES;
			};
			name = Release;
		};
		FD49256E2041B8BE009480B1 /* Debug */ = {
			isa = XCBuildConfiguration;
			buildSettings = {
				ASSETCATALOG_COMPILER_APPICON_NAME = AppIcon;
				CODE_SIGN_STYLE = Automatic;
				DEVELOPMENT_TEAM = 9UA9ZCJ3YP;
				INFOPLIST_FILE = APIAwakens/Info.plist;
				LD_RUNPATH_SEARCH_PATHS = "$(inherited) @executable_path/Frameworks";
				PRODUCT_BUNDLE_IDENTIFIER = ch.prevole.APIAwakens;
				PRODUCT_NAME = "$(TARGET_NAME)";
				SWIFT_VERSION = 4.0;
				TARGETED_DEVICE_FAMILY = "1,2";
			};
			name = Debug;
		};
		FD49256F2041B8BE009480B1 /* Release */ = {
			isa = XCBuildConfiguration;
			buildSettings = {
				ASSETCATALOG_COMPILER_APPICON_NAME = AppIcon;
				CODE_SIGN_STYLE = Automatic;
				DEVELOPMENT_TEAM = 9UA9ZCJ3YP;
				INFOPLIST_FILE = APIAwakens/Info.plist;
				LD_RUNPATH_SEARCH_PATHS = "$(inherited) @executable_path/Frameworks";
				PRODUCT_BUNDLE_IDENTIFIER = ch.prevole.APIAwakens;
				PRODUCT_NAME = "$(TARGET_NAME)";
				SWIFT_VERSION = 4.0;
				TARGETED_DEVICE_FAMILY = "1,2";
			};
			name = Release;
		};
/* End XCBuildConfiguration section */

/* Begin XCConfigurationList section */
		FD4925562041B8BE009480B1 /* Build configuration list for PBXProject "APIAwakens" */ = {
			isa = XCConfigurationList;
			buildConfigurations = (
				FD49256B2041B8BE009480B1 /* Debug */,
				FD49256C2041B8BE009480B1 /* Release */,
			);
			defaultConfigurationIsVisible = 0;
			defaultConfigurationName = Release;
		};
		FD49256D2041B8BE009480B1 /* Build configuration list for PBXNativeTarget "APIAwakens" */ = {
			isa = XCConfigurationList;
			buildConfigurations = (
				FD49256E2041B8BE009480B1 /* Debug */,
				FD49256F2041B8BE009480B1 /* Release */,
			);
			defaultConfigurationIsVisible = 0;
			defaultConfigurationName = Release;
		};
/* End XCConfigurationList section */
	};
	rootObject = FD4925532041B8BE009480B1 /* Project object */;
}
